
Microsoft Visual Studio Solution File, Format Version 12.00
# Visual Studio 15
VisualStudioVersion = 15.0.28307.421
MinimumVisualStudioVersion = 10.0.40219.1
Project("{FAE04EC0-301F-11D3-BF4B-00C04F79EFBC}") = "Town-Crier", "Town Crier\Town-Crier.csproj", "{548E359F-E2C9-47FE-810C-1145DB6D082D}"
EndProject
Global
	GlobalSection(SolutionConfigurationPlatforms) = preSolution
		Debug|Any CPU = Debug|Any CPU
		Release|Any CPU = Release|Any CPU
	EndGlobalSection
	GlobalSection(ProjectConfigurationPlatforms) = postSolution
		{548E359F-E2C9-47FE-810C-1145DB6D082D}.Debug|Any CPU.ActiveCfg = Debug|Any CPU
		{548E359F-E2C9-47FE-810C-1145DB6D082D}.Debug|Any CPU.Build.0 = Debug|Any CPU
		{548E359F-E2C9-47FE-810C-1145DB6D082D}.Release|Any CPU.ActiveCfg = Release|Any CPU
		{548E359F-E2C9-47FE-810C-1145DB6D082D}.Release|Any CPU.Build.0 = Release|Any CPU
	EndGlobalSection
	GlobalSection(SolutionProperties) = preSolution
		HideSolutionNode = FALSE
	EndGlobalSection
	GlobalSection(ExtensibilityGlobals) = postSolution
		SolutionGuid = {F6424A50-3259-41BD-BE35-1FFF8E7ECB14}
	EndGlobalSection
EndGlobal
